
Microsoft Visual Studio Solution File, Format Version 12.00
# Visual Studio Version 16
VisualStudioVersion = 16.0.30804.86
MinimumVisualStudioVersion = 10.0.40219.1
Project("{FAE04EC0-301F-11D3-BF4B-00C04F79EFBC}") = "AJAXJQueryChat", "AJAXJQueryChat\AJAXJQueryChat.csproj", "{1EB6D822-BB38-40DD-86E0-4F9C3E89E256}"
EndProject
Global
	GlobalSection(SolutionConfigurationPlatforms) = preSolution
		Debug|Any CPU = Debug|Any CPU
		Release|Any CPU = Release|Any CPU
	EndGlobalSection
	GlobalSection(ProjectConfigurationPlatforms) = postSolution
		{1EB6D822-BB38-40DD-86E0-4F9C3E89E256}.Debug|Any CPU.ActiveCfg = Debug|Any CPU
		{1EB6D822-BB38-40DD-86E0-4F9C3E89E256}.Debug|Any CPU.Build.0 = Debug|Any CPU
		{1EB6D822-BB38-40DD-86E0-4F9C3E89E256}.Release|Any CPU.ActiveCfg = Release|Any CPU
		{1EB6D822-BB38-40DD-86E0-4F9C3E89E256}.Release|Any CPU.Build.0 = Release|Any CPU
	EndGlobalSection
	GlobalSection(SolutionProperties) = preSolution
		HideSolutionNode = FALSE
	EndGlobalSection
	GlobalSection(ExtensibilityGlobals) = postSolution
		SolutionGuid = {81644B08-CFD2-4541-887D-56417738AB03}
	EndGlobalSection
EndGlobal
